
Microsoft Visual Studio Solution File, Format Version 12.00
# Visual Studio Version 17
VisualStudioVersion = 17.1.32319.34
MinimumVisualStudioVersion = 10.0.40219.1
Project("{FAE04EC0-301F-11D3-BF4B-00C04F79EFBC}") = "DataManager", "DataManager\DataManager.csproj", "{B7267B5E-FA6D-4CB5-A0FB-11447C12BE04}"
EndProject
Global
	GlobalSection(SolutionConfigurationPlatforms) = preSolution
		Debug|Any CPU = Debug|Any CPU
		Release|Any CPU = Release|Any CPU
	EndGlobalSection
	GlobalSection(ProjectConfigurationPlatforms) = postSolution
		{B7267B5E-FA6D-4CB5-A0FB-11447C12BE04}.Debug|Any CPU.ActiveCfg = Debug|Any CPU
		{B7267B5E-FA6D-4CB5-A0FB-11447C12BE04}.Debug|Any CPU.Build.0 = Debug|Any CPU
		{B7267B5E-FA6D-4CB5-A0FB-11447C12BE04}.Release|Any CPU.ActiveCfg = Release|Any CPU
		{B7267B5E-FA6D-4CB5-A0FB-11447C12BE04}.Release|Any CPU.Build.0 = Release|Any CPU
	EndGlobalSection
	GlobalSection(SolutionProperties) = preSolution
		HideSolutionNode = FALSE
	EndGlobalSection
	GlobalSection(ExtensibilityGlobals) = postSolution
		SolutionGuid = {A9F2723D-DCDA-4E8D-A1F0-B32473C85F8F}
	EndGlobalSection
EndGlobal
